
Microsoft Visual Studio Solution File, Format Version 12.00
# Visual Studio Version 17
VisualStudioVersion = 17.0.31912.275
MinimumVisualStudioVersion = 10.0.40219.1
Project("{FAE04EC0-301F-11D3-BF4B-00C04F79EFBC}") = "AlexVanWolferen.SitecoreApplicationInsights", "AlexVanWolferen.SitecoreApplicationInsights\AlexVanWolferen.SitecoreApplicationInsights.csproj", "{30F4C396-57E1-480D-99F9-2839286F1ADA}"
EndProject
Project("{2150E333-8FDC-42A3-9474-1A3956D46DE8}") = ".config", ".config", "{450C84A7-341F-43AB-A840-4328DA4E3254}"
	ProjectSection(SolutionItems) = preProject
		nuget.config = nuget.config
	EndProjectSection
EndProject
Project("{FAE04EC0-301F-11D3-BF4B-00C04F79EFBC}") = "AlexVanWolferen.SitecoreApplicationInsights.XConnect", "AlexVanWolferen.SitecoreApplicationInsights.XConnect\AlexVanWolferen.SitecoreApplicationInsights.XConnect.csproj", "{1E42A3D1-A1DE-467B-A30F-A97B7A31277F}"
EndProject
Global
	GlobalSection(SolutionConfigurationPlatforms) = preSolution
		Cloud|Any CPU = Cloud|Any CPU
		Debug|Any CPU = Debug|Any CPU
		Release|Any CPU = Release|Any CPU
	EndGlobalSection
	GlobalSection(ProjectConfigurationPlatforms) = postSolution
		{30F4C396-57E1-480D-99F9-2839286F1ADA}.Cloud|Any CPU.ActiveCfg = Release|Any CPU
		{30F4C396-57E1-480D-99F9-2839286F1ADA}.Cloud|Any CPU.Build.0 = Release|Any CPU
		{30F4C396-57E1-480D-99F9-2839286F1ADA}.Debug|Any CPU.ActiveCfg = Debug|Any CPU
		{30F4C396-57E1-480D-99F9-2839286F1ADA}.Debug|Any CPU.Build.0 = Debug|Any CPU
		{30F4C396-57E1-480D-99F9-2839286F1ADA}.Release|Any CPU.ActiveCfg = Release|Any CPU
		{30F4C396-57E1-480D-99F9-2839286F1ADA}.Release|Any CPU.Build.0 = Release|Any CPU
		{1E42A3D1-A1DE-467B-A30F-A97B7A31277F}.Cloud|Any CPU.ActiveCfg = Debug|Any CPU
		{1E42A3D1-A1DE-467B-A30F-A97B7A31277F}.Cloud|Any CPU.Build.0 = Debug|Any CPU
		{1E42A3D1-A1DE-467B-A30F-A97B7A31277F}.Debug|Any CPU.ActiveCfg = Debug|Any CPU
		{1E42A3D1-A1DE-467B-A30F-A97B7A31277F}.Debug|Any CPU.Build.0 = Debug|Any CPU
		{1E42A3D1-A1DE-467B-A30F-A97B7A31277F}.Release|Any CPU.ActiveCfg = Release|Any CPU
		{1E42A3D1-A1DE-467B-A30F-A97B7A31277F}.Release|Any CPU.Build.0 = Release|Any CPU
	EndGlobalSection
	GlobalSection(SolutionProperties) = preSolution
		HideSolutionNode = FALSE
	EndGlobalSection
	GlobalSection(ExtensibilityGlobals) = postSolution
		SolutionGuid = {EEBBF667-1B36-4616-B2E2-55A6149B0C33}
	EndGlobalSection
EndGlobal
